PODS:
  - Flutter (1.0.0)
  - storage_space (0.0.1):
    - Flutter

DEPENDENCIES:
  - Flutter (from `Flutter`)
  - storage_space (from `.symlinks/plugins/storage_space/ios`)

EXTERNAL SOURCES:
  Flutter:
    :path: Flutter
  storage_space:
    :path: ".symlinks/plugins/storage_space/ios"

SPEC CHECKSUMS:
  Flutter: f04841e97a9d0b0a8025694d0796dd46242b2854
  storage_space: b65da22f48102f30e39f07918a18efd56d440af5

PODFILE CHECKSUM: ef19549a9bc3046e7bb7d2fab4d021637c0c58a3

COCOAPODS: 1.12.1
